
Microsoft Visual Studio Solution File, Format Version 12.00
# Visual Studio 15
VisualStudioVersion = 15.0.28307.421
MinimumVisualStudioVersion = 10.0.40219.1
Project("{FAE04EC0-301F-11D3-BF4B-00C04F79EFBC}") = "RMQChat", "RMQChat\RMQChat.csproj", "{911B6F76-EB18-45B6-89D7-B38F35FFAD8F}"
EndProject
Global
	GlobalSection(SolutionConfigurationPlatforms) = preSolution
		Debug|Any CPU = Debug|Any CPU
		Release|Any CPU = Release|Any CPU
	EndGlobalSection
	GlobalSection(ProjectConfigurationPlatforms) = postSolution
		{911B6F76-EB18-45B6-89D7-B38F35FFAD8F}.Debug|Any CPU.ActiveCfg = Debug|Any CPU
		{911B6F76-EB18-45B6-89D7-B38F35FFAD8F}.Debug|Any CPU.Build.0 = Debug|Any CPU
		{911B6F76-EB18-45B6-89D7-B38F35FFAD8F}.Release|Any CPU.ActiveCfg = Release|Any CPU
		{911B6F76-EB18-45B6-89D7-B38F35FFAD8F}.Release|Any CPU.Build.0 = Release|Any CPU
	EndGlobalSection
	GlobalSection(SolutionProperties) = preSolution
		HideSolutionNode = FALSE
	EndGlobalSection
	GlobalSection(ExtensibilityGlobals) = postSolution
		SolutionGuid = {67DE2795-CD49-4975-A717-4062C1225375}
	EndGlobalSection
EndGlobal
