
Microsoft Visual Studio Solution File, Format Version 12.00
# Visual Studio 15
VisualStudioVersion = 15.0.28307.329
MinimumVisualStudioVersion = 10.0.40219.1
Project("{FAE04EC0-301F-11D3-BF4B-00C04F79EFBC}") = "CSV", "CSV\CSV.csproj", "{CA339613-CE4C-49A0-996E-39E5B93C626F}"
EndProject
Global
	GlobalSection(SolutionConfigurationPlatforms) = preSolution
		Debug|Any CPU = Debug|Any CPU
		Release|Any CPU = Release|Any CPU
	EndGlobalSection
	GlobalSection(ProjectConfigurationPlatforms) = postSolution
		{CA339613-CE4C-49A0-996E-39E5B93C626F}.Debug|Any CPU.ActiveCfg = Debug|Any CPU
		{CA339613-CE4C-49A0-996E-39E5B93C626F}.Debug|Any CPU.Build.0 = Debug|Any CPU
		{CA339613-CE4C-49A0-996E-39E5B93C626F}.Release|Any CPU.ActiveCfg = Release|Any CPU
		{CA339613-CE4C-49A0-996E-39E5B93C626F}.Release|Any CPU.Build.0 = Release|Any CPU
	EndGlobalSection
	GlobalSection(SolutionProperties) = preSolution
		HideSolutionNode = FALSE
	EndGlobalSection
	GlobalSection(ExtensibilityGlobals) = postSolution
		SolutionGuid = {CE0F916B-9C81-48C1-8388-6CDAF8C0AB60}
	EndGlobalSection
EndGlobal
